
Microsoft Visual Studio Solution File, Format Version 12.00
# Visual Studio 15
VisualStudioVersion = 15.0.26124.0
MinimumVisualStudioVersion = 15.0.26124.0
Project("{2150E333-8FDC-42A3-9474-1A3956D46DE8}") = "src", "src", "{BBB2E509-273A-4757-B06A-8386CB85203E}"
EndProject
Project("{FAE04EC0-301F-11D3-BF4B-00C04F79EFBC}") = "myAPI", "src\myAPI\myAPI.csproj", "{753B0197-7ADC-4E2B-99E0-B602E2524D8B}"
EndProject
Project("{2150E333-8FDC-42A3-9474-1A3956D46DE8}") = "test", "test", "{7712D179-0012-45A5-95F4-232A354F55B2}"
EndProject
Project("{FAE04EC0-301F-11D3-BF4B-00C04F79EFBC}") = "myAPI.test", "test\myAPI.test\myAPI.test.csproj", "{B19FF1CC-3822-4B58-89E6-D902BF5B8533}"
EndProject
Global
	GlobalSection(SolutionConfigurationPlatforms) = preSolution
		Debug|Any CPU = Debug|Any CPU
		Debug|x64 = Debug|x64
		Debug|x86 = Debug|x86
		Release|Any CPU = Release|Any CPU
		Release|x64 = Release|x64
		Release|x86 = Release|x86
	EndGlobalSection
	GlobalSection(SolutionProperties) = preSolution
		HideSolutionNode = FALSE
	EndGlobalSection
	GlobalSection(ProjectConfigurationPlatforms) = postSolution
		{753B0197-7ADC-4E2B-99E0-B602E2524D8B}.Debug|Any CPU.ActiveCfg = Debug|Any CPU
		{753B0197-7ADC-4E2B-99E0-B602E2524D8B}.Debug|Any CPU.Build.0 = Debug|Any CPU
		{753B0197-7ADC-4E2B-99E0-B602E2524D8B}.Debug|x64.ActiveCfg = Debug|Any CPU
		{753B0197-7ADC-4E2B-99E0-B602E2524D8B}.Debug|x64.Build.0 = Debug|Any CPU
		{753B0197-7ADC-4E2B-99E0-B602E2524D8B}.Debug|x86.ActiveCfg = Debug|Any CPU
		{753B0197-7ADC-4E2B-99E0-B602E2524D8B}.Debug|x86.Build.0 = Debug|Any CPU
		{753B0197-7ADC-4E2B-99E0-B602E2524D8B}.Release|Any CPU.ActiveCfg = Release|Any CPU
		{753B0197-7ADC-4E2B-99E0-B602E2524D8B}.Release|Any CPU.Build.0 = Release|Any CPU
		{753B0197-7ADC-4E2B-99E0-B602E2524D8B}.Release|x64.ActiveCfg = Release|Any CPU
		{753B0197-7ADC-4E2B-99E0-B602E2524D8B}.Release|x64.Build.0 = Release|Any CPU
		{753B0197-7ADC-4E2B-99E0-B602E2524D8B}.Release|x86.ActiveCfg = Release|Any CPU
		{753B0197-7ADC-4E2B-99E0-B602E2524D8B}.Release|x86.Build.0 = Release|Any CPU
		{B19FF1CC-3822-4B58-89E6-D902BF5B8533}.Debug|Any CPU.ActiveCfg = Debug|Any CPU
		{B19FF1CC-3822-4B58-89E6-D902BF5B8533}.Debug|Any CPU.Build.0 = Debug|Any CPU
		{B19FF1CC-3822-4B58-89E6-D902BF5B8533}.Debug|x64.ActiveCfg = Debug|Any CPU
		{B19FF1CC-3822-4B58-89E6-D902BF5B8533}.Debug|x64.Build.0 = Debug|Any CPU
		{B19FF1CC-3822-4B58-89E6-D902BF5B8533}.Debug|x86.ActiveCfg = Debug|Any CPU
		{B19FF1CC-3822-4B58-89E6-D902BF5B8533}.Debug|x86.Build.0 = Debug|Any CPU
		{B19FF1CC-3822-4B58-89E6-D902BF5B8533}.Release|Any CPU.ActiveCfg = Release|Any CPU
		{B19FF1CC-3822-4B58-89E6-D902BF5B8533}.Release|Any CPU.Build.0 = Release|Any CPU
		{B19FF1CC-3822-4B58-89E6-D902BF5B8533}.Release|x64.ActiveCfg = Release|Any CPU
		{B19FF1CC-3822-4B58-89E6-D902BF5B8533}.Release|x64.Build.0 = Release|Any CPU
		{B19FF1CC-3822-4B58-89E6-D902BF5B8533}.Release|x86.ActiveCfg = Release|Any CPU
		{B19FF1CC-3822-4B58-89E6-D902BF5B8533}.Release|x86.Build.0 = Release|Any CPU
	EndGlobalSection
	GlobalSection(NestedProjects) = preSolution
		{753B0197-7ADC-4E2B-99E0-B602E2524D8B} = {BBB2E509-273A-4757-B06A-8386CB85203E}
		{B19FF1CC-3822-4B58-89E6-D902BF5B8533} = {7712D179-0012-45A5-95F4-232A354F55B2}
	EndGlobalSection
EndGlobal
